
Microsoft Visual Studio Solution File, Format Version 12.00
# Visual Studio Version 17
VisualStudioVersion = 17.4.33122.133
MinimumVisualStudioVersion = 10.0.40219.1
Project("{FAE04EC0-301F-11D3-BF4B-00C04F79EFBC}") = "MorseCodeTranslator", "MorseCodeTranslator\MorseCodeTranslator.csproj", "{4371B6F4-D305-465E-B49C-6507E261228E}"
EndProject
Global
	GlobalSection(SolutionConfigurationPlatforms) = preSolution
		Debug|Any CPU = Debug|Any CPU
		Release|Any CPU = Release|Any CPU
	EndGlobalSection
	GlobalSection(ProjectConfigurationPlatforms) = postSolution
		{4371B6F4-D305-465E-B49C-6507E261228E}.Debug|Any CPU.ActiveCfg = Debug|Any CPU
		{4371B6F4-D305-465E-B49C-6507E261228E}.Debug|Any CPU.Build.0 = Debug|Any CPU
		{4371B6F4-D305-465E-B49C-6507E261228E}.Release|Any CPU.ActiveCfg = Release|Any CPU
		{4371B6F4-D305-465E-B49C-6507E261228E}.Release|Any CPU.Build.0 = Release|Any CPU
	EndGlobalSection
	GlobalSection(SolutionProperties) = preSolution
		HideSolutionNode = FALSE
	EndGlobalSection
	GlobalSection(ExtensibilityGlobals) = postSolution
		SolutionGuid = {22577FED-E26B-4293-AB62-F4664CFBEA2C}
	EndGlobalSection
EndGlobal
